
Microsoft Visual Studio Solution File, Format Version 12.00
# Visual Studio Version 16
VisualStudioVersion = 16.0.30711.63
MinimumVisualStudioVersion = 10.0.40219.1
Project("{9A19103F-16F7-4668-BE54-9A1E7A4F7556}") = "Database", "FlowerShop\Database.csproj", "{5B15C840-16F9-472D-A81A-8027A464AA5F}"
EndProject
Project("{9A19103F-16F7-4668-BE54-9A1E7A4F7556}") = "BusinessLogic", "BusinessLogic\BusinessLogic.csproj", "{C28D3BB9-664C-40EA-A30B-19CB84EA7C10}"
EndProject
Project("{FAE04EC0-301F-11D3-BF4B-00C04F79EFBC}") = "FlowerShopView", "FlowerShopView\FlowerShopView.csproj", "{14C57E3C-D35A-4131-AC42-018237BBE7B3}"
EndProject
Project("{FAE04EC0-301F-11D3-BF4B-00C04F79EFBC}") = "FloewShopClientView", "FloewShopClientView\FloewShopClientView.csproj", "{98E39148-F440-4D21-86EC-79220BD09952}"
EndProject
Global
	GlobalSection(SolutionConfigurationPlatforms) = preSolution
		Debug|Any CPU = Debug|Any CPU
		Release|Any CPU = Release|Any CPU
	EndGlobalSection
	GlobalSection(ProjectConfigurationPlatforms) = postSolution
		{5B15C840-16F9-472D-A81A-8027A464AA5F}.Debug|Any CPU.ActiveCfg = Debug|Any CPU
		{5B15C840-16F9-472D-A81A-8027A464AA5F}.Debug|Any CPU.Build.0 = Debug|Any CPU
		{5B15C840-16F9-472D-A81A-8027A464AA5F}.Release|Any CPU.ActiveCfg = Release|Any CPU
		{5B15C840-16F9-472D-A81A-8027A464AA5F}.Release|Any CPU.Build.0 = Release|Any CPU
		{C28D3BB9-664C-40EA-A30B-19CB84EA7C10}.Debug|Any CPU.ActiveCfg = Debug|Any CPU
		{C28D3BB9-664C-40EA-A30B-19CB84EA7C10}.Debug|Any CPU.Build.0 = Debug|Any CPU
		{C28D3BB9-664C-40EA-A30B-19CB84EA7C10}.Release|Any CPU.ActiveCfg = Release|Any CPU
		{C28D3BB9-664C-40EA-A30B-19CB84EA7C10}.Release|Any CPU.Build.0 = Release|Any CPU
		{14C57E3C-D35A-4131-AC42-018237BBE7B3}.Debug|Any CPU.ActiveCfg = Debug|Any CPU
		{14C57E3C-D35A-4131-AC42-018237BBE7B3}.Debug|Any CPU.Build.0 = Debug|Any CPU
		{14C57E3C-D35A-4131-AC42-018237BBE7B3}.Release|Any CPU.ActiveCfg = Release|Any CPU
		{14C57E3C-D35A-4131-AC42-018237BBE7B3}.Release|Any CPU.Build.0 = Release|Any CPU
		{98E39148-F440-4D21-86EC-79220BD09952}.Debug|Any CPU.ActiveCfg = Debug|Any CPU
		{98E39148-F440-4D21-86EC-79220BD09952}.Debug|Any CPU.Build.0 = Debug|Any CPU
		{98E39148-F440-4D21-86EC-79220BD09952}.Release|Any CPU.ActiveCfg = Release|Any CPU
		{98E39148-F440-4D21-86EC-79220BD09952}.Release|Any CPU.Build.0 = Release|Any CPU
	EndGlobalSection
	GlobalSection(SolutionProperties) = preSolution
		HideSolutionNode = FALSE
	EndGlobalSection
	GlobalSection(ExtensibilityGlobals) = postSolution
		SolutionGuid = {5FB21EB7-BA72-4597-9D37-A0C652A7C217}
	EndGlobalSection
EndGlobal
